# THIS IS AN AUTOGENERATED FILE. DO NOT EDIT THIS FILE DIRECTLY.
# yarn lockfile v1


jquery@^3.2.1:
  version "3.2.1"
  resolved "https://registry.yarnpkg.com/jquery/-/jquery-3.2.1.tgz#5c4d9de652af6cd0a770154a631bba12b015c787"

three@^0.87.1:
  version "0.87.1"
  resolved "https://registry.yarnpkg.com/three/-/three-0.87.1.tgz#466a34edc4543459ced9b9d7d276b65216fe2ba8"
